
Microsoft Visual Studio Solution File, Format Version 12.00
# Visual Studio Version 17
VisualStudioVersion = 17.0.31903.59
MinimumVisualStudioVersion = 10.0.40219.1
Project("{2150E333-8FDC-42A3-9474-1A3956D46DE8}") = "src", "src", "{827E0CD3-B72D-47B6-A68D-7590B98EB39B}"
EndProject
Project("{FAE04EC0-301F-11D3-BF4B-00C04F79EFBC}") = "Demo.SharedKernel", "src\Demo.SharedKernel\Demo.SharedKernel.csproj", "{29CA2C05-A6B1-448B-8FD1-DAFDCF4FBB7B}"
EndProject
Project("{FAE04EC0-301F-11D3-BF4B-00C04F79EFBC}") = "Demo.Domain", "src\Demo.Domain\Demo.Domain.csproj", "{BE321E42-FE8C-42B8-BE1C-0AE7129F31C5}"
EndProject
Project("{FAE04EC0-301F-11D3-BF4B-00C04F79EFBC}") = "Demo.Application", "src\Demo.Application\Demo.Application.csproj", "{49062A17-B58A-4574-8A1D-614ED25D3964}"
EndProject
Project("{FAE04EC0-301F-11D3-BF4B-00C04F79EFBC}") = "Demo.Infrastructure", "src\Demo.Infrastructure\Demo.Infrastructure.csproj", "{4FDADCD0-759D-4F31-922F-CE1B78FFEA84}"
EndProject
Project("{FAE04EC0-301F-11D3-BF4B-00C04F79EFBC}") = "Demo.WebApi", "src\Demo.WebApi\Demo.WebApi.csproj", "{C399C824-D6CF-48F5-BE7F-7CC44DFA2ADF}"
EndProject
Project("{2150E333-8FDC-42A3-9474-1A3956D46DE8}") = "tests", "tests", "{0AB3BF05-4346-4AA6-1389-037BE0695223}"
EndProject
Project("{FAE04EC0-301F-11D3-BF4B-00C04F79EFBC}") = "Demo.Domain.Tests", "tests\Demo.Domain.Tests\Demo.Domain.Tests.csproj", "{811EABAE-80BA-4A01-8559-A7D10EFF80D3}"
EndProject
Project("{FAE04EC0-301F-11D3-BF4B-00C04F79EFBC}") = "Demo.Application.Tests", "tests\Demo.Application.Tests\Demo.Application.Tests.csproj", "{B8EEE254-1AA1-4627-8A9C-3F07772E50C6}"
EndProject
Project("{FAE04EC0-301F-11D3-BF4B-00C04F79EFBC}") = "Demo.Infrastructure.Tests", "tests\Demo.Infrastructure.Tests\Demo.Infrastructure.Tests.csproj", "{59D8EFFF-E125-41C7-809B-D497F5411C46}"
EndProject
Project("{FAE04EC0-301F-11D3-BF4B-00C04F79EFBC}") = "Demo.WebApi.Tests", "tests\Demo.WebApi.Tests\Demo.WebApi.Tests.csproj", "{B6177818-FFC1-4D12-89F9-E62DC5E86CE2}"
EndProject
Global
	GlobalSection(SolutionConfigurationPlatforms) = preSolution
		Debug|Any CPU = Debug|Any CPU
		Debug|x64 = Debug|x64
		Debug|x86 = Debug|x86
		Release|Any CPU = Release|Any CPU
		Release|x64 = Release|x64
		Release|x86 = Release|x86
	EndGlobalSection
	GlobalSection(ProjectConfigurationPlatforms) = postSolution
		{29CA2C05-A6B1-448B-8FD1-DAFDCF4FBB7B}.Debug|Any CPU.ActiveCfg = Debug|Any CPU
		{29CA2C05-A6B1-448B-8FD1-DAFDCF4FBB7B}.Debug|Any CPU.Build.0 = Debug|Any CPU
		{29CA2C05-A6B1-448B-8FD1-DAFDCF4FBB7B}.Debug|x64.ActiveCfg = Debug|Any CPU
		{29CA2C05-A6B1-448B-8FD1-DAFDCF4FBB7B}.Debug|x64.Build.0 = Debug|Any CPU
		{29CA2C05-A6B1-448B-8FD1-DAFDCF4FBB7B}.Debug|x86.ActiveCfg = Debug|Any CPU
		{29CA2C05-A6B1-448B-8FD1-DAFDCF4FBB7B}.Debug|x86.Build.0 = Debug|Any CPU
		{29CA2C05-A6B1-448B-8FD1-DAFDCF4FBB7B}.Release|Any CPU.ActiveCfg = Release|Any CPU
		{29CA2C05-A6B1-448B-8FD1-DAFDCF4FBB7B}.Release|Any CPU.Build.0 = Release|Any CPU
		{29CA2C05-A6B1-448B-8FD1-DAFDCF4FBB7B}.Release|x64.ActiveCfg = Release|Any CPU
		{29CA2C05-A6B1-448B-8FD1-DAFDCF4FBB7B}.Release|x64.Build.0 = Release|Any CPU
		{29CA2C05-A6B1-448B-8FD1-DAFDCF4FBB7B}.Release|x86.ActiveCfg = Release|Any CPU
		{29CA2C05-A6B1-448B-8FD1-DAFDCF4FBB7B}.Release|x86.Build.0 = Release|Any CPU
		{BE321E42-FE8C-42B8-BE1C-0AE7129F31C5}.Debug|Any CPU.ActiveCfg = Debug|Any CPU
		{BE321E42-FE8C-42B8-BE1C-0AE7129F31C5}.Debug|Any CPU.Build.0 = Debug|Any CPU
		{BE321E42-FE8C-42B8-BE1C-0AE7129F31C5}.Debug|x64.ActiveCfg = Debug|Any CPU
		{BE321E42-FE8C-42B8-BE1C-0AE7129F31C5}.Debug|x64.Build.0 = Debug|Any CPU
		{BE321E42-FE8C-42B8-BE1C-0AE7129F31C5}.Debug|x86.ActiveCfg = Debug|Any CPU
		{BE321E42-FE8C-42B8-BE1C-0AE7129F31C5}.Debug|x86.Build.0 = Debug|Any CPU
		{BE321E42-FE8C-42B8-BE1C-0AE7129F31C5}.Release|Any CPU.ActiveCfg = Release|Any CPU
		{BE321E42-FE8C-42B8-BE1C-0AE7129F31C5}.Release|Any CPU.Build.0 = Release|Any CPU
		{BE321E42-FE8C-42B8-BE1C-0AE7129F31C5}.Release|x64.ActiveCfg = Release|Any CPU
		{BE321E42-FE8C-42B8-BE1C-0AE7129F31C5}.Release|x64.Build.0 = Release|Any CPU
		{BE321E42-FE8C-42B8-BE1C-0AE7129F31C5}.Release|x86.ActiveCfg = Release|Any CPU
		{BE321E42-FE8C-42B8-BE1C-0AE7129F31C5}.Release|x86.Build.0 = Release|Any CPU
		{49062A17-B58A-4574-8A1D-614ED25D3964}.Debug|Any CPU.ActiveCfg = Debug|Any CPU
		{49062A17-B58A-4574-8A1D-614ED25D3964}.Debug|Any CPU.Build.0 = Debug|Any CPU
		{49062A17-B58A-4574-8A1D-614ED25D3964}.Debug|x64.ActiveCfg = Debug|Any CPU
		{49062A17-B58A-4574-8A1D-614ED25D3964}.Debug|x64.Build.0 = Debug|Any CPU
		{49062A17-B58A-4574-8A1D-614ED25D3964}.Debug|x86.ActiveCfg = Debug|Any CPU
		{49062A17-B58A-4574-8A1D-614ED25D3964}.Debug|x86.Build.0 = Debug|Any CPU
		{49062A17-B58A-4574-8A1D-614ED25D3964}.Release|Any CPU.ActiveCfg = Release|Any CPU
		{49062A17-B58A-4574-8A1D-614ED25D3964}.Release|Any CPU.Build.0 = Release|Any CPU
		{49062A17-B58A-4574-8A1D-614ED25D3964}.Release|x64.ActiveCfg = Release|Any CPU
		{49062A17-B58A-4574-8A1D-614ED25D3964}.Release|x64.Build.0 = Release|Any CPU
		{49062A17-B58A-4574-8A1D-614ED25D3964}.Release|x86.ActiveCfg = Release|Any CPU
		{49062A17-B58A-4574-8A1D-614ED25D3964}.Release|x86.Build.0 = Release|Any CPU
		{4FDADCD0-759D-4F31-922F-CE1B78FFEA84}.Debug|Any CPU.ActiveCfg = Debug|Any CPU
		{4FDADCD0-759D-4F31-922F-CE1B78FFEA84}.Debug|Any CPU.Build.0 = Debug|Any CPU
		{4FDADCD0-759D-4F31-922F-CE1B78FFEA84}.Debug|x64.ActiveCfg = Debug|Any CPU
		{4FDADCD0-759D-4F31-922F-CE1B78FFEA84}.Debug|x64.Build.0 = Debug|Any CPU
		{4FDADCD0-759D-4F31-922F-CE1B78FFEA84}.Debug|x86.ActiveCfg = Debug|Any CPU
		{4FDADCD0-759D-4F31-922F-CE1B78FFEA84}.Debug|x86.Build.0 = Debug|Any CPU
		{4FDADCD0-759D-4F31-922F-CE1B78FFEA84}.Release|Any CPU.ActiveCfg = Release|Any CPU
		{4FDADCD0-759D-4F31-922F-CE1B78FFEA84}.Release|Any CPU.Build.0 = Release|Any CPU
		{4FDADCD0-759D-4F31-922F-CE1B78FFEA84}.Release|x64.ActiveCfg = Release|Any CPU
		{4FDADCD0-759D-4F31-922F-CE1B78FFEA84}.Release|x64.Build.0 = Release|Any CPU
		{4FDADCD0-759D-4F31-922F-CE1B78FFEA84}.Release|x86.ActiveCfg = Release|Any CPU
		{4FDADCD0-759D-4F31-922F-CE1B78FFEA84}.Release|x86.Build.0 = Release|Any CPU
		{C399C824-D6CF-48F5-BE7F-7CC44DFA2ADF}.Debug|Any CPU.ActiveCfg = Debug|Any CPU
		{C399C824-D6CF-48F5-BE7F-7CC44DFA2ADF}.Debug|Any CPU.Build.0 = Debug|Any CPU
		{C399C824-D6CF-48F5-BE7F-7CC44DFA2ADF}.Debug|x64.ActiveCfg = Debug|Any CPU
		{C399C824-D6CF-48F5-BE7F-7CC44DFA2ADF}.Debug|x64.Build.0 = Debug|Any CPU
		{C399C824-D6CF-48F5-BE7F-7CC44DFA2ADF}.Debug|x86.ActiveCfg = Debug|Any CPU
		{C399C824-D6CF-48F5-BE7F-7CC44DFA2ADF}.Debug|x86.Build.0 = Debug|Any CPU
		{C399C824-D6CF-48F5-BE7F-7CC44DFA2ADF}.Release|Any CPU.ActiveCfg = Release|Any CPU
		{C399C824-D6CF-48F5-BE7F-7CC44DFA2ADF}.Release|Any CPU.Build.0 = Release|Any CPU
		{C399C824-D6CF-48F5-BE7F-7CC44DFA2ADF}.Release|x64.ActiveCfg = Release|Any CPU
		{C399C824-D6CF-48F5-BE7F-7CC44DFA2ADF}.Release|x64.Build.0 = Release|Any CPU
		{C399C824-D6CF-48F5-BE7F-7CC44DFA2ADF}.Release|x86.ActiveCfg = Release|Any CPU
		{C399C824-D6CF-48F5-BE7F-7CC44DFA2ADF}.Release|x86.Build.0 = Release|Any CPU
		{811EABAE-80BA-4A01-8559-A7D10EFF80D3}.Debug|Any CPU.ActiveCfg = Debug|Any CPU
		{811EABAE-80BA-4A01-8559-A7D10EFF80D3}.Debug|Any CPU.Build.0 = Debug|Any CPU
		{811EABAE-80BA-4A01-8559-A7D10EFF80D3}.Debug|x64.ActiveCfg = Debug|Any CPU
		{811EABAE-80BA-4A01-8559-A7D10EFF80D3}.Debug|x64.Build.0 = Debug|Any CPU
		{811EABAE-80BA-4A01-8559-A7D10EFF80D3}.Debug|x86.ActiveCfg = Debug|Any CPU
		{811EABAE-80BA-4A01-8559-A7D10EFF80D3}.Debug|x86.Build.0 = Debug|Any CPU
		{811EABAE-80BA-4A01-8559-A7D10EFF80D3}.Release|Any CPU.ActiveCfg = Release|Any CPU
		{811EABAE-80BA-4A01-8559-A7D10EFF80D3}.Release|Any CPU.Build.0 = Release|Any CPU
		{811EABAE-80BA-4A01-8559-A7D10EFF80D3}.Release|x64.ActiveCfg = Release|Any CPU
		{811EABAE-80BA-4A01-8559-A7D10EFF80D3}.Release|x64.Build.0 = Release|Any CPU
		{811EABAE-80BA-4A01-8559-A7D10EFF80D3}.Release|x86.ActiveCfg = Release|Any CPU
		{811EABAE-80BA-4A01-8559-A7D10EFF80D3}.Release|x86.Build.0 = Release|Any CPU
		{B8EEE254-1AA1-4627-8A9C-3F07772E50C6}.Debug|Any CPU.ActiveCfg = Debug|Any CPU
		{B8EEE254-1AA1-4627-8A9C-3F07772E50C6}.Debug|Any CPU.Build.0 = Debug|Any CPU
		{B8EEE254-1AA1-4627-8A9C-3F07772E50C6}.Debug|x64.ActiveCfg = Debug|Any CPU
		{B8EEE254-1AA1-4627-8A9C-3F07772E50C6}.Debug|x64.Build.0 = Debug|Any CPU
		{B8EEE254-1AA1-4627-8A9C-3F07772E50C6}.Debug|x86.ActiveCfg = Debug|Any CPU
		{B8EEE254-1AA1-4627-8A9C-3F07772E50C6}.Debug|x86.Build.0 = Debug|Any CPU
		{B8EEE254-1AA1-4627-8A9C-3F07772E50C6}.Release|Any CPU.ActiveCfg = Release|Any CPU
		{B8EEE254-1AA1-4627-8A9C-3F07772E50C6}.Release|Any CPU.Build.0 = Release|Any CPU
		{B8EEE254-1AA1-4627-8A9C-3F07772E50C6}.Release|x64.ActiveCfg = Release|Any CPU
		{B8EEE254-1AA1-4627-8A9C-3F07772E50C6}.Release|x64.Build.0 = Release|Any CPU
		{B8EEE254-1AA1-4627-8A9C-3F07772E50C6}.Release|x86.ActiveCfg = Release|Any CPU
		{B8EEE254-1AA1-4627-8A9C-3F07772E50C6}.Release|x86.Build.0 = Release|Any CPU
		{59D8EFFF-E125-41C7-809B-D497F5411C46}.Debug|Any CPU.ActiveCfg = Debug|Any CPU
		{59D8EFFF-E125-41C7-809B-D497F5411C46}.Debug|Any CPU.Build.0 = Debug|Any CPU
		{59D8EFFF-E125-41C7-809B-D497F5411C46}.Debug|x64.ActiveCfg = Debug|Any CPU
		{59D8EFFF-E125-41C7-809B-D497F5411C46}.Debug|x64.Build.0 = Debug|Any CPU
		{59D8EFFF-E125-41C7-809B-D497F5411C46}.Debug|x86.ActiveCfg = Debug|Any CPU
		{59D8EFFF-E125-41C7-809B-D497F5411C46}.Debug|x86.Build.0 = Debug|Any CPU
		{59D8EFFF-E125-41C7-809B-D497F5411C46}.Release|Any CPU.ActiveCfg = Release|Any CPU
		{59D8EFFF-E125-41C7-809B-D497F5411C46}.Release|Any CPU.Build.0 = Release|Any CPU
		{59D8EFFF-E125-41C7-809B-D497F5411C46}.Release|x64.ActiveCfg = Release|Any CPU
		{59D8EFFF-E125-41C7-809B-D497F5411C46}.Release|x64.Build.0 = Release|Any CPU
		{59D8EFFF-E125-41C7-809B-D497F5411C46}.Release|x86.ActiveCfg = Release|Any CPU
		{59D8EFFF-E125-41C7-809B-D497F5411C46}.Release|x86.Build.0 = Release|Any CPU
		{B6177818-FFC1-4D12-89F9-E62DC5E86CE2}.Debug|Any CPU.ActiveCfg = Debug|Any CPU
		{B6177818-FFC1-4D12-89F9-E62DC5E86CE2}.Debug|Any CPU.Build.0 = Debug|Any CPU
		{B6177818-FFC1-4D12-89F9-E62DC5E86CE2}.Debug|x64.ActiveCfg = Debug|Any CPU
		{B6177818-FFC1-4D12-89F9-E62DC5E86CE2}.Debug|x64.Build.0 = Debug|Any CPU
		{B6177818-FFC1-4D12-89F9-E62DC5E86CE2}.Debug|x86.ActiveCfg = Debug|Any CPU
		{B6177818-FFC1-4D12-89F9-E62DC5E86CE2}.Debug|x86.Build.0 = Debug|Any CPU
		{B6177818-FFC1-4D12-89F9-E62DC5E86CE2}.Release|Any CPU.ActiveCfg = Release|Any CPU
		{B6177818-FFC1-4D12-89F9-E62DC5E86CE2}.Release|Any CPU.Build.0 = Release|Any CPU
		{B6177818-FFC1-4D12-89F9-E62DC5E86CE2}.Release|x64.ActiveCfg = Release|Any CPU
		{B6177818-FFC1-4D12-89F9-E62DC5E86CE2}.Release|x64.Build.0 = Release|Any CPU
		{B6177818-FFC1-4D12-89F9-E62DC5E86CE2}.Release|x86.ActiveCfg = Release|Any CPU
		{B6177818-FFC1-4D12-89F9-E62DC5E86CE2}.Release|x86.Build.0 = Release|Any CPU
	EndGlobalSection
	GlobalSection(SolutionProperties) = preSolution
		HideSolutionNode = FALSE
	EndGlobalSection
	GlobalSection(NestedProjects) = preSolution
		{29CA2C05-A6B1-448B-8FD1-DAFDCF4FBB7B} = {827E0CD3-B72D-47B6-A68D-7590B98EB39B}
		{BE321E42-FE8C-42B8-BE1C-0AE7129F31C5} = {827E0CD3-B72D-47B6-A68D-7590B98EB39B}
		{49062A17-B58A-4574-8A1D-614ED25D3964} = {827E0CD3-B72D-47B6-A68D-7590B98EB39B}
		{4FDADCD0-759D-4F31-922F-CE1B78FFEA84} = {827E0CD3-B72D-47B6-A68D-7590B98EB39B}
		{C399C824-D6CF-48F5-BE7F-7CC44DFA2ADF} = {827E0CD3-B72D-47B6-A68D-7590B98EB39B}
		{811EABAE-80BA-4A01-8559-A7D10EFF80D3} = {0AB3BF05-4346-4AA6-1389-037BE0695223}
		{B8EEE254-1AA1-4627-8A9C-3F07772E50C6} = {0AB3BF05-4346-4AA6-1389-037BE0695223}
		{59D8EFFF-E125-41C7-809B-D497F5411C46} = {0AB3BF05-4346-4AA6-1389-037BE0695223}
		{B6177818-FFC1-4D12-89F9-E62DC5E86CE2} = {0AB3BF05-4346-4AA6-1389-037BE0695223}
	EndGlobalSection
EndGlobal
